<?xml version="1.0" encoding="utf-8"?>
<Project ToolsVersion="4.0" xmlns="http://schemas.microsoft.com/developer/msbuild/2003">
  <ItemGroup>
    <Filter Include="Source Files">
      <UniqueIdentifier>{e075a48b-c3a4-4f12-a20d-06901613779b}</UniqueIdentifier>
      <Extensions>cpp;c;cxx;rc;def;r;odl;idl;hpj;bat</Extensions>
    </Filter>
    <Filter Include="Header Files">
      <UniqueIdentifier>{66d0931f-fe34-4d7b-8ffc-2df389a5f909}</UniqueIdentifier>
      <Extensions>h;hpp;hxx;hm;inl</Extensions>
    </Filter>
    <Filter Include="Resource Files">
      <UniqueIdentifier>{b2079704-9846-4c4d-9f04-86d5668868c0}</UniqueIdentifier>
      <Extensions>ico;cur;bmp;dlg;rc2;rct;bin;rgs;gif;jpg;jpeg;jpe</Extensions>
    </Filter>
  </ItemGroup>
  <ItemGroup>
    <ClCompile Include="About.cpp">
      <Filter>Source Files</Filter>
    </ClCompile>
    <ClCompile Include="CountersListBox.cpp">
      <Filter>Source Files</Filter>
    </ClCompile>
    <ClCompile Include="Gadgets.cpp">
      <Filter>Source Files</Filter>
    </ClCompile>
    <ClCompile Include="glint.cpp">
      <Filter>Source Files</Filter>
    </ClCompile>
    <ClCompile Include="GraphValues.cpp">
      <Filter>Source Files</Filter>
    </ClCompile>
    <ClCompile Include="HelpDlg.cpp">
      <Filter>Source Files</Filter>
    </ClCompile>
    <ClCompile Include="Indicator.cpp">
      <Filter>Source Files</Filter>
    </ClCompile>
    <ClCompile Include="IndicatorSettings.cpp">
      <Filter>Source Files</Filter>
    </ClCompile>
    <ClCompile Include="IndicatorToolTip.cpp">
      <Filter>Source Files</Filter>
    </ClCompile>
    <ClCompile Include="Label.cpp">
      <Filter>Source Files</Filter>
    </ClCompile>
    <ClCompile Include="Panel.cpp">
      <Filter>Source Files</Filter>
    </ClCompile>
    <ClCompile Include="PerfCount.cpp">
      <Filter>Source Files</Filter>
    </ClCompile>
    <ClCompile Include="PerfData.cpp">
      <Filter>Source Files</Filter>
    </ClCompile>
    <ClCompile Include="Processes.cpp">
      <Filter>Source Files</Filter>
    </ClCompile>
    <ClCompile Include="ProcessWindow.cpp">
      <Filter>Source Files</Filter>
    </ClCompile>
    <ClCompile Include="PropPageCounters.cpp">
      <Filter>Source Files</Filter>
    </ClCompile>
    <ClCompile Include="PropPageGeneral.cpp">
      <Filter>Source Files</Filter>
    </ClCompile>
    <ClCompile Include="PropPageIndicators.cpp">
      <Filter>Source Files</Filter>
    </ClCompile>
    <ClCompile Include="RemoteConnectionDlg.cpp">
      <Filter>Source Files</Filter>
    </ClCompile>
    <ClCompile Include="SchemaSave.cpp">
      <Filter>Source Files</Filter>
    </ClCompile>
    <ClCompile Include="Settings.cpp">
      <Filter>Source Files</Filter>
    </ClCompile>
    <ClCompile Include="SettingsDlg.cpp">
      <Filter>Source Files</Filter>
    </ClCompile>
    <ClCompile Include="StdAfx.cpp">
      <Filter>Source Files</Filter>
    </ClCompile>
    <ClCompile Include="TrayIcon.cpp">
      <Filter>Source Files</Filter>
    </ClCompile>
    <ClCompile Include="Utilities.cpp">
      <Filter>Source Files</Filter>
    </ClCompile>
    <ClCompile Include="ValueMaxText.cpp">
      <Filter>Source Files</Filter>
    </ClCompile>
    <ClCompile Include="ValueText.cpp">
      <Filter>Source Files</Filter>
    </ClCompile>
    <ClCompile Include="ValueTrack.cpp">
      <Filter>Source Files</Filter>
    </ClCompile>
  </ItemGroup>
  <ItemGroup>
    <ResourceCompile Include="glint.rc">
      <Filter>Source Files</Filter>
    </ResourceCompile>
  </ItemGroup>
  <ItemGroup>
    <ClInclude Include="About.h">
      <Filter>Header Files</Filter>
    </ClInclude>
    <ClInclude Include="AutoPtr.h">
      <Filter>Header Files</Filter>
    </ClInclude>
    <ClInclude Include="cdefs.h">
      <Filter>Header Files</Filter>
    </ClInclude>
    <ClInclude Include="CountersListBox.h">
      <Filter>Header Files</Filter>
    </ClInclude>
    <ClInclude Include="Errors.h">
      <Filter>Header Files</Filter>
    </ClInclude>
    <ClInclude Include="Gadgets.h">
      <Filter>Header Files</Filter>
    </ClInclude>
    <ClInclude Include="glint.h">
      <Filter>Header Files</Filter>
    </ClInclude>
    <ClInclude Include="Globals.h">
      <Filter>Header Files</Filter>
    </ClInclude>
    <ClInclude Include="GraphValues.h">
      <Filter>Header Files</Filter>
    </ClInclude>
    <ClInclude Include="HelpDlg.h">
      <Filter>Header Files</Filter>
    </ClInclude>
    <ClInclude Include="Indicator.h">
      <Filter>Header Files</Filter>
    </ClInclude>
    <ClInclude Include="IndicatorSettings.h">
      <Filter>Header Files</Filter>
    </ClInclude>
    <ClInclude Include="IndicatorToolTip.h">
      <Filter>Header Files</Filter>
    </ClInclude>
    <ClInclude Include="IndSetDefs.h">
      <Filter>Header Files</Filter>
    </ClInclude>
    <ClInclude Include="Label.h">
      <Filter>Header Files</Filter>
    </ClInclude>
    <ClInclude Include="Panel.h">
      <Filter>Header Files</Filter>
    </ClInclude>
    <ClInclude Include="PerfCount.h">
      <Filter>Header Files</Filter>
    </ClInclude>
    <ClInclude Include="PerfData.h">
      <Filter>Header Files</Filter>
    </ClInclude>
    <ClInclude Include="Processes.h">
      <Filter>Header Files</Filter>
    </ClInclude>
    <ClInclude Include="ProcessWindow.h">
      <Filter>Header Files</Filter>
    </ClInclude>
    <ClInclude Include="PropPageCounters.h">
      <Filter>Header Files</Filter>
    </ClInclude>
    <ClInclude Include="PropPageGeneral.h">
      <Filter>Header Files</Filter>
    </ClInclude>
    <ClInclude Include="PropPageIndicators.h">
      <Filter>Header Files</Filter>
    </ClInclude>
    <ClInclude Include="RemoteConnectionDlg.h">
      <Filter>Header Files</Filter>
    </ClInclude>
    <ClInclude Include="Resource.h">
      <Filter>Header Files</Filter>
    </ClInclude>
    <ClInclude Include="SchemaSave.h">
      <Filter>Header Files</Filter>
    </ClInclude>
    <ClInclude Include="Settings.h">
      <Filter>Header Files</Filter>
    </ClInclude>
    <ClInclude Include="SettingsDlg.h">
      <Filter>Header Files</Filter>
    </ClInclude>
    <ClInclude Include="StdAfx.h">
      <Filter>Header Files</Filter>
    </ClInclude>
    <ClInclude Include="TrayIcon.h">
      <Filter>Header Files</Filter>
    </ClInclude>
    <ClInclude Include="ValueMaxText.h">
      <Filter>Header Files</Filter>
    </ClInclude>
    <ClInclude Include="ValueText.h">
      <Filter>Header Files</Filter>
    </ClInclude>
    <ClInclude Include="ValueTrack.h">
      <Filter>Header Files</Filter>
    </ClInclude>
  </ItemGroup>
  <ItemGroup>
    <None Include="resource.hm">
      <Filter>Header Files</Filter>
    </None>
    <None Include="Res\cursor1.cur">
      <Filter>Resource Files</Filter>
    </None>
    <None Include="res\cursor2.cur">
      <Filter>Resource Files</Filter>
    </None>
    <None Include="res\glint.rc2">
      <Filter>Resource Files</Filter>
    </None>
  </ItemGroup>
  <ItemGroup>
    <Image Include="res\glint.ico">
      <Filter>Resource Files</Filter>
    </Image>
    <Image Include="res\icon1.ico">
      <Filter>Resource Files</Filter>
    </Image>
  </ItemGroup>
  <ItemGroup>
    <Text Include="glint_read_me.txt" />
  </ItemGroup>
</Project>